# THIS IS AN AUTOGENERATED FILE. DO NOT EDIT THIS FILE DIRECTLY.
# yarn lockfile v1


"@cspotcode/source-map-consumer@0.8.0":
  "integrity" "sha1-M79LeznBeIIWBvZpu8RHpqYpeGs= sha512-41qniHzTU8yAGbCp04ohlmSrZf8bkf/iJsl3V0dRGsQN/5GFfx+LbCSsCpp2gqrqjTVg/K6O8ycoV35JIwAzAg=="
  "resolved" "https://registry.nlark.com/@cspotcode/source-map-consumer/download/@cspotcode/source-map-consumer-0.8.0.tgz"
  "version" "0.8.0"

"@cspotcode/source-map-support@0.6.1":
  "integrity" "sha1-EYUR8xbi6H7kKUdhho4lTT2keWA= sha512-DX3Z+T5dt1ockmPdobJS/FAsQPW4V4SrWEhD2iYQT2Cb2tQsiMnYxrcUH9By/Z3B+v0S5LMBkQtV/XOBbpLEOg=="
  "resolved" "https://registry.nlark.com/@cspotcode/source-map-support/download/@cspotcode/source-map-support-0.6.1.tgz?cache=0&sync_timestamp=1628464861456&other_urls=https%3A%2F%2Fregistry.nlark.com%2F%40cspotcode%2Fsource-map-support%2Fdownload%2F%40cspotcode%2Fsource-map-support-0.6.1.tgz"
  "version" "0.6.1"
  dependencies:
    "@cspotcode/source-map-consumer" "0.8.0"

"@koa/cors@^3.1.0":
  "integrity" "sha1-YYuwc0OM/b0+vQ5kinbjO4Tzo7I="
  "resolved" "https://registry.npm.taobao.org/@koa/cors/download/@koa/cors-3.1.0.tgz"
  "version" "3.1.0"
  dependencies:
    "vary" "^1.1.2"

"@tsconfig/node10@^1.0.7":
  "integrity" "sha1-weToDW+WT77LM1nEO9SLQPfK2tk= sha512-6XFfSQmMgq0CFLY1MslA/CPUfhIL919M1rMsa5lP2P097N2Wd1sSX0tx1u4olM16fLNhtHZpRhedZJphNJqmZg=="
  "resolved" "https://registry.nlark.com/@tsconfig/node10/download/@tsconfig/node10-1.0.8.tgz?cache=0&sync_timestamp=1623230092238&other_urls=https%3A%2F%2Fregistry.nlark.com%2F%40tsconfig%2Fnode10%2Fdownload%2F%40tsconfig%2Fnode10-1.0.8.tgz"
  "version" "1.0.8"

"@tsconfig/node12@^1.0.7":
  "integrity" "sha1-YsH23uLr2a6tgNw6+laBDljhoEw= sha512-/yBMcem+fbvhSREH+s14YJi18sp7J9jpuhYByADT2rypfajMZZN4WQ6zBGgBKp53NKmqI36wFYDb3yaMPurITw=="
  "resolved" "https://registry.nlark.com/@tsconfig/node12/download/@tsconfig/node12-1.0.9.tgz?cache=0&sync_timestamp=1624076106869&other_urls=https%3A%2F%2Fregistry.nlark.com%2F%40tsconfig%2Fnode12%2Fdownload%2F%40tsconfig%2Fnode12-1.0.9.tgz"
  "version" "1.0.9"

"@tsconfig/node14@^1.0.0":
  "integrity" "sha1-lfLRZ/+5uNIGiwsjUwL6/U33EfI= sha512-509r2+yARFfHHE7T6Puu2jjkoycftovhXRqW328PDXTVGKihlb1P8Z9mMZH04ebyajfRY7dedfGynlrFHJUQCg=="
  "resolved" "https://registry.nlark.com/@tsconfig/node14/download/@tsconfig/node14-1.0.1.tgz"
  "version" "1.0.1"

"@tsconfig/node16@^1.0.2":
  "integrity" "sha1-Qjx3h30Fadsg4fyAiFrEEYMUAQ4= sha512-eZxlbI8GZscaGS7kkc/trHTT5xgrjH3/1n2JDwusC9iahPKWMRvRjJSAN5mCXviuTGQ/lHnhvv8Q1YTpnfz9gA=="
  "resolved" "https://registry.nlark.com/@tsconfig/node16/download/@tsconfig/node16-1.0.2.tgz"
  "version" "1.0.2"

"@types/accepts@*":
  "integrity" "sha1-w0vsEVz8dG4E/loFnfTOfns5FXU="
  "resolved" "https://registry.nlark.com/@types/accepts/download/@types/accepts-1.3.5.tgz?cache=0&sync_timestamp=1629706575455&other_urls=https%3A%2F%2Fregistry.nlark.com%2F%40types%2Faccepts%2Fdownload%2F%40types%2Faccepts-1.3.5.tgz"
  "version" "1.3.5"
  dependencies:
    "@types/node" "*"

"@types/adm-zip@^0.4.34":
  "integrity" "sha1-YqyFnrKvYCQ2Khs+Q1J6t54MYk4="
  "resolved" "https://registry.nlark.com/@types/adm-zip/download/@types/adm-zip-0.4.34.tgz"
  "version" "0.4.34"
  dependencies:
    "@types/node" "*"

"@types/body-parser@*":
  "integrity" "sha1-DAF0xCp9AXuBgwPUtdlpywt1kpw="
  "resolved" "https://registry.nlark.com/@types/body-parser/download/@types/body-parser-1.19.1.tgz?cache=0&sync_timestamp=1629706727694&other_urls=https%3A%2F%2Fregistry.nlark.com%2F%40types%2Fbody-parser%2Fdownload%2F%40types%2Fbody-parser-1.19.1.tgz"
  "version" "1.19.1"
  dependencies:
    "@types/connect" "*"
    "@types/node" "*"

"@types/connect@*":
  "integrity" "sha1-X89q5EXkAh0fwiGaSHPMc6O7KtE="
  "resolved" "https://registry.nlark.com/@types/connect/download/@types/connect-3.4.35.tgz"
  "version" "3.4.35"
  dependencies:
    "@types/node" "*"

"@types/content-disposition@*":
  "integrity" "sha1-3kjPAcecnxVgvP2K5DIXqwKGV/g="
  "resolved" "https://registry.nlark.com/@types/content-disposition/download/@types/content-disposition-0.5.4.tgz"
  "version" "0.5.4"

"@types/cookies@*":
  "integrity" "sha1-epJFPR0WOJwFpTAe71ZvNJRs/YE="
  "resolved" "https://registry.nlark.com/@types/cookies/download/@types/cookies-0.7.7.tgz?cache=0&other_urls=https%3A%2F%2Fregistry.nlark.com%2F%40types%2Fcookies%2Fdownload%2F%40types%2Fcookies-0.7.7.tgz"
  "version" "0.7.7"
  dependencies:
    "@types/connect" "*"
    "@types/express" "*"
    "@types/keygrip" "*"
    "@types/node" "*"

"@types/express-serve-static-core@^4.17.18":
  "integrity" "sha1-6kH5O/fg1ZzVp2ZlBo7WqraBXAc="
  "resolved" "https://registry.nlark.com/@types/express-serve-static-core/download/@types/express-serve-static-core-4.17.24.tgz?cache=0&sync_timestamp=1629707772598&other_urls=https%3A%2F%2Fregistry.nlark.com%2F%40types%2Fexpress-serve-static-core%2Fdownload%2F%40types%2Fexpress-serve-static-core-4.17.24.tgz"
  "version" "4.17.24"
  dependencies:
    "@types/node" "*"
    "@types/qs" "*"
    "@types/range-parser" "*"

"@types/express@*":
  "integrity" "sha1-p24plXKJmbq1GjP6vOHXBaNwkDQ="
  "resolved" "https://registry.nlark.com/@types/express/download/@types/express-4.17.13.tgz?cache=0&sync_timestamp=1629707683466&other_urls=https%3A%2F%2Fregistry.nlark.com%2F%40types%2Fexpress%2Fdownload%2F%40types%2Fexpress-4.17.13.tgz"
  "version" "4.17.13"
  dependencies:
    "@types/body-parser" "*"
    "@types/express-serve-static-core" "^4.17.18"
    "@types/qs" "*"
    "@types/serve-static" "*"

"@types/http-assert@*":
  "integrity" "sha1-7449Go1Gw4fwSrDy6KuMsMUHhmE="
  "resolved" "https://registry.nlark.com/@types/http-assert/download/@types/http-assert-1.5.3.tgz"
  "version" "1.5.3"

"@types/http-errors@*":
  "integrity" "sha1-6BrSimC+4DKMbSOE4Cmuxibxrmc="
  "resolved" "https://registry.nlark.com/@types/http-errors/download/@types/http-errors-1.8.1.tgz"
  "version" "1.8.1"

"@types/js-yaml@^4.0.3":
  "integrity" "sha1-nzPNb78NXsV13IyPxpx/7BtOsgA= sha512-5t9BhoORasuF5uCPr+d5/hdB++zRFUTMIZOzbNkr+jZh3yQht4HYbRDyj9fY8n2TZT30iW9huzav73x4NikqWg=="
  "resolved" "https://registry.nlark.com/@types/js-yaml/download/@types/js-yaml-4.0.3.tgz"
  "version" "4.0.3"

"@types/keygrip@*":
  "integrity" "sha1-UTq/0lbXrQvx7hhzYGMXszsbKnI="
  "resolved" "https://registry.nlark.com/@types/keygrip/download/@types/keygrip-1.0.2.tgz?cache=0&sync_timestamp=1629708230271&other_urls=https%3A%2F%2Fregistry.nlark.com%2F%40types%2Fkeygrip%2Fdownload%2F%40types%2Fkeygrip-1.0.2.tgz"
  "version" "1.0.2"

"@types/koa-compose@*":
  "integrity" "sha1-hesugKxQvpXzfM+MQHwJu+NGjp0="
  "resolved" "https://registry.nlark.com/@types/koa-compose/download/@types/koa-compose-3.2.5.tgz?cache=0&sync_timestamp=1629708231002&other_urls=https%3A%2F%2Fregistry.nlark.com%2F%40types%2Fkoa-compose%2Fdownload%2F%40types%2Fkoa-compose-3.2.5.tgz"
  "version" "3.2.5"
  dependencies:
    "@types/koa" "*"

"@types/koa-router@^7.4.4":
  "integrity" "sha1-23K942FjZddPABeNXyQ8T859pXI="
  "resolved" "https://registry.nlark.com/@types/koa-router/download/@types/koa-router-7.4.4.tgz"
  "version" "7.4.4"
  dependencies:
    "@types/koa" "*"

"@types/koa@*", "@types/koa@^2.13.4":
  "integrity" "sha1-EGILPySoAn71y66Is5PRsxIFcms="
  "resolved" "https://registry.nlark.com/@types/koa/download/@types/koa-2.13.4.tgz?cache=0&sync_timestamp=1629708230694&other_urls=https%3A%2F%2Fregistry.nlark.com%2F%40types%2Fkoa%2Fdownload%2F%40types%2Fkoa-2.13.4.tgz"
  "version" "2.13.4"
  dependencies:
    "@types/accepts" "*"
    "@types/content-disposition" "*"
    "@types/cookies" "*"
    "@types/http-assert" "*"
    "@types/http-errors" "*"
    "@types/keygrip" "*"
    "@types/koa-compose" "*"
    "@types/node" "*"

"@types/mime@^1":
  "integrity" "sha1-k+Jb+e51/g/YC1lLxP6w6GIRG1o="
  "resolved" "https://registry.nlark.com/@types/mime/download/@types/mime-1.3.2.tgz?cache=0&sync_timestamp=1629708374856&other_urls=https%3A%2F%2Fregistry.nlark.com%2F%40types%2Fmime%2Fdownload%2F%40types%2Fmime-1.3.2.tgz"
  "version" "1.3.2"

"@types/node@*", "@types/node@^16.10.3":
  "integrity" "sha1-eo8oOGA+oxTR0iuzFx2JnhXFe9U= sha512-ho3Ruq+fFnBrZhUYI46n/bV2GjwzSkwuT4dTf0GkuNFmnb8nq4ny2z9JEVemFi6bdEJanHLlYfy9c6FN9B9McQ=="
  "resolved" "https://registry.npmmirror.com/@types/node/download/@types/node-16.10.3.tgz?cache=0&sync_timestamp=1633466158941&other_urls=https%3A%2F%2Fregistry.npmmirror.com%2F%40types%2Fnode%2Fdownload%2F%40types%2Fnode-16.10.3.tgz"
  "version" "16.10.3"

"@types/qs@*":
  "integrity" "sha1-Y7t9Bn2xB8weRXwwO8JdUR/r9ss="
  "resolved" "https://registry.nlark.com/@types/qs/download/@types/qs-6.9.7.tgz?cache=0&sync_timestamp=1629708766601&other_urls=https%3A%2F%2Fregistry.nlark.com%2F%40types%2Fqs%2Fdownload%2F%40types%2Fqs-6.9.7.tgz"
  "version" "6.9.7"

"@types/range-parser@*":
  "integrity" "sha1-zWZ7z90CUhOq+3ylkVqTJZCs3Nw="
  "resolved" "https://registry.nlark.com/@types/range-parser/download/@types/range-parser-1.2.4.tgz"
  "version" "1.2.4"

"@types/serve-static@*":
  "integrity" "sha1-9eDOh5fS18xevtpIpSyWxPpHqNk="
  "resolved" "https://registry.nlark.com/@types/serve-static/download/@types/serve-static-1.13.10.tgz?cache=0&sync_timestamp=1629709187133&other_urls=https%3A%2F%2Fregistry.nlark.com%2F%40types%2Fserve-static%2Fdownload%2F%40types%2Fserve-static-1.13.10.tgz"
  "version" "1.13.10"
  dependencies:
    "@types/mime" "^1"
    "@types/node" "*"

"accepts@^1.3.5":
  "integrity" "sha1-UxvHJlF6OytB+FACHGzBXqq1B80="
  "resolved" "https://registry.npm.taobao.org/accepts/download/accepts-1.3.7.tgz"
  "version" "1.3.7"
  dependencies:
    "mime-types" "~2.1.24"
    "negotiator" "0.6.2"

"acorn-walk@^8.1.1":
  "integrity" "sha1-dBIQ8uJCZFRQiFOi9E0KuDt/acE= sha512-k+iyHEuPgSw6SbuDpGQM+06HQUa04DZ3o+F6CSzXMvvI5KMvnaEqXe+YVe555R9nn6GPt404fos4wcgpw12SDA=="
  "resolved" "https://registry.nlark.com/acorn-walk/download/acorn-walk-8.2.0.tgz?cache=0&other_urls=https%3A%2F%2Fregistry.nlark.com%2Facorn-walk%2Fdownload%2Facorn-walk-8.2.0.tgz"
  "version" "8.2.0"

"acorn@^8.4.1":
  "integrity" "sha1-RRLMuZs2mMdSWR6btEcuOK1DzuI= sha512-yXbYeFy+jUuYd3/CDcg2NkIYE991XYX/bje7LmjJigUciaeO1JR4XxXgCIV1/Zc/dRuFEyw1L0pbA+qynJkW5Q=="
  "resolved" "https://registry.nlark.com/acorn/download/acorn-8.5.0.tgz?cache=0&sync_timestamp=1630916517167&other_urls=https%3A%2F%2Fregistry.nlark.com%2Facorn%2Fdownload%2Facorn-8.5.0.tgz"
  "version" "8.5.0"

"adm-zip@^0.5.9":
  "integrity" "sha1-szaRAoMzghwM+VwxN0xUYvKQWoM= sha512-s+3fXLkeeLjZ2kLjCBwQufpI5fuN+kIGBxu6530nVQZGVol0d7Y/M88/xw9HGGUcJjKf8LutN3VPRUBq6N7Ajg=="
  "resolved" "https://registry.npmmirror.com/adm-zip/download/adm-zip-0.5.9.tgz"
  "version" "0.5.9"

"arg@^4.1.0":
  "integrity" "sha1-Jp/HrVuOQstjyJbVZmAXJhwUQIk= sha512-58S9QDqG0Xx27YwPSt9fJxivjYl432YCwfDMfZ+71RAqUrZef7LrKQZ3LHLOwCS4FLNBplP533Zx895SeOCHvA=="
  "resolved" "https://registry.nlark.com/arg/download/arg-4.1.3.tgz?cache=0&sync_timestamp=1629166495886&other_urls=https%3A%2F%2Fregistry.nlark.com%2Farg%2Fdownload%2Farg-4.1.3.tgz"
  "version" "4.1.3"

"argparse@^2.0.1":
  "integrity" "sha1-JG9Q88p4oyQPbJl+ipvR6sSeSzg= sha512-8+9WqebbFzpX9OR+Wa6O29asIogeRMzcGtAINdpMHHyAg10f05aSFVBbcEqGf/PXw1EjAZ+q2/bEBg3DvurK3Q=="
  "resolved" "https://registry.nlark.com/argparse/download/argparse-2.0.1.tgz"
  "version" "2.0.1"

"cache-content-type@^1.0.0":
  "integrity" "sha1-A1zeKwjuISn0qDFeqPAKANuhRTw="
  "resolved" "https://registry.nlark.com/cache-content-type/download/cache-content-type-1.0.1.tgz"
  "version" "1.0.1"
  dependencies:
    "mime-types" "^2.1.18"
    "ylru" "^1.2.0"

"co@^4.6.0":
  "integrity" "sha1-bqa989hTrlTMuOR7+gvz+QMfsYQ="
  "resolved" "https://registry.nlark.com/co/download/co-4.6.0.tgz"
  "version" "4.6.0"

"content-disposition@~0.5.2":
  "integrity" "sha1-4TDK9+cnkIfFYWwgB9BIVpiYT70="
  "resolved" "https://registry.npm.taobao.org/content-disposition/download/content-disposition-0.5.3.tgz"
  "version" "0.5.3"
  dependencies:
    "safe-buffer" "5.1.2"

"content-type@^1.0.4":
  "integrity" "sha1-4TjMdeBAxyexlm/l5fjJruJW/js="
  "resolved" "https://registry.nlark.com/content-type/download/content-type-1.0.4.tgz"
  "version" "1.0.4"

"cookies@~0.8.0":
  "integrity" "sha1-EpPOSzkXQKhAbjyYcOgoxLVPP5A="
  "resolved" "https://registry.nlark.com/cookies/download/cookies-0.8.0.tgz"
  "version" "0.8.0"
  dependencies:
    "depd" "~2.0.0"
    "keygrip" "~1.1.0"

"create-require@^1.1.0":
  "integrity" "sha1-wdfo8eX2z8n/ZfnNNS03NIdWwzM= sha512-dcKFX3jn0MpIaXjisoRvexIJVEKzaq7z2rZKxf+MSr9TkdmHmsU4m2lcLojrj/FHl8mk5VxMmYA+ftRkP/3oKQ=="
  "resolved" "https://registry.npm.taobao.org/create-require/download/create-require-1.1.1.tgz"
  "version" "1.1.1"

"debug@^4.1.1", "debug@^4.3.2":
  "integrity" "sha1-8KScGKyHeeMdSgxgKd+3aHPHQos="
  "resolved" "https://registry.nlark.com/debug/download/debug-4.3.2.tgz?cache=0&sync_timestamp=1625374648057&other_urls=https%3A%2F%2Fregistry.nlark.com%2Fdebug%2Fdownload%2Fdebug-4.3.2.tgz"
  "version" "4.3.2"
  dependencies:
    "ms" "2.1.2"

"deep-equal@~1.0.1":
  "integrity" "sha1-9dJgKStmDghO/0zbyfCK0yR0SLU="
  "resolved" "https://registry.nlark.com/deep-equal/download/deep-equal-1.0.1.tgz"
  "version" "1.0.1"

"delegates@^1.0.0":
  "integrity" "sha1-hMbhWbgZBP3KWaDvRM2HDTElD5o="
  "resolved" "https://registry.npm.taobao.org/delegates/download/delegates-1.0.0.tgz"
  "version" "1.0.0"

"depd@^2.0.0", "depd@~2.0.0":
  "integrity" "sha1-tpYWPMdXVg0JzyLMj60Vcbeedt8="
  "resolved" "https://registry.nlark.com/depd/download/depd-2.0.0.tgz"
  "version" "2.0.0"

"depd@~1.1.2":
  "integrity" "sha1-m81S4UwJd2PnSbJ0xDRu0uVgtak="
  "resolved" "https://registry.nlark.com/depd/download/depd-1.1.2.tgz"
  "version" "1.1.2"

"destroy@^1.0.4":
  "integrity" "sha1-l4hXRCxEdJ5CBmE+N5RiBYJqvYA="
  "resolved" "https://registry.nlark.com/destroy/download/destroy-1.0.4.tgz"
  "version" "1.0.4"

"diff@^4.0.1":
  "integrity" "sha1-YPOuy4nV+uUgwRqhnvwruYKq3n0="
  "resolved" "https://registry.npm.taobao.org/diff/download/diff-4.0.2.tgz"
  "version" "4.0.2"

"ee-first@1.1.1":
  "integrity" "sha1-WQxhFWsK4vTwJVcyoViyZrxWsh0="
  "resolved" "https://registry.npm.taobao.org/ee-first/download/ee-first-1.1.1.tgz"
  "version" "1.1.1"

"encodeurl@^1.0.2":
  "integrity" "sha1-rT/0yG7C0CkyL1oCw6mmBslbP1k="
  "resolved" "https://registry.nlark.com/encodeurl/download/encodeurl-1.0.2.tgz"
  "version" "1.0.2"

"escape-html@^1.0.3":
  "integrity" "sha1-Aljq5NPQwJdN4cFpGI7wBR0dGYg="
  "resolved" "https://registry.nlark.com/escape-html/download/escape-html-1.0.3.tgz"
  "version" "1.0.3"

"fresh@~0.5.2":
  "integrity" "sha1-PYyt2Q2XZWn6g1qx+OSyOhBWBac="
  "resolved" "https://registry.npm.taobao.org/fresh/download/fresh-0.5.2.tgz"
  "version" "0.5.2"

"has-symbols@^1.0.2":
  "integrity" "sha1-Fl0wcMADCXUqEjakeTMeOsVvFCM="
  "resolved" "https://registry.nlark.com/has-symbols/download/has-symbols-1.0.2.tgz"
  "version" "1.0.2"

"has-tostringtag@^1.0.0":
  "integrity" "sha1-fhM4GKfTlHNPlB5zw9P5KR5liyU="
  "resolved" "https://registry.nlark.com/has-tostringtag/download/has-tostringtag-1.0.0.tgz?cache=0&sync_timestamp=1628198671004&other_urls=https%3A%2F%2Fregistry.nlark.com%2Fhas-tostringtag%2Fdownload%2Fhas-tostringtag-1.0.0.tgz"
  "version" "1.0.0"
  dependencies:
    "has-symbols" "^1.0.2"

"http-assert@^1.3.0":
  "integrity" "sha1-w4nM2HrBbtLfpiRv1zuSaqAOa48="
  "resolved" "https://registry.nlark.com/http-assert/download/http-assert-1.5.0.tgz"
  "version" "1.5.0"
  dependencies:
    "deep-equal" "~1.0.1"
    "http-errors" "~1.8.0"

"http-errors@^1.6.3", "http-errors@^1.7.3", "http-errors@~1.8.0":
  "integrity" "sha1-ddG75JfhBE9R5O6ecEpi8o0zZQc="
  "resolved" "https://registry.npm.taobao.org/http-errors/download/http-errors-1.8.0.tgz"
  "version" "1.8.0"
  dependencies:
    "depd" "~1.1.2"
    "inherits" "2.0.4"
    "setprototypeof" "1.2.0"
    "statuses" ">= 1.5.0 < 2"
    "toidentifier" "1.0.0"

"inherits@2.0.4":
  "integrity" "sha1-D6LGT5MpF8NDOg3tVTY6rjdBa3w="
  "resolved" "https://registry.nlark.com/inherits/download/inherits-2.0.4.tgz"
  "version" "2.0.4"

"is-generator-function@^1.0.7":
  "integrity" "sha1-8VWLrxrBfg3up8BBXEODUf8rPHI="
  "resolved" "https://registry.nlark.com/is-generator-function/download/is-generator-function-1.0.10.tgz?cache=0&other_urls=https%3A%2F%2Fregistry.nlark.com%2Fis-generator-function%2Fdownload%2Fis-generator-function-1.0.10.tgz"
  "version" "1.0.10"
  dependencies:
    "has-tostringtag" "^1.0.0"

"js-yaml@^4.1.0":
  "integrity" "sha1-wftl+PUBeQHN0slRhkuhhFihBgI= sha512-wpxZs9NoxZaJESJGIZTyDEaYpl0FKSA+FB9aJiyemKhMwkxQg63h4T1KJgUGHpTqPDNRcmmYLugrRjJlBtWvRA=="
  "resolved" "https://registry.npm.taobao.org/js-yaml/download/js-yaml-4.1.0.tgz"
  "version" "4.1.0"
  dependencies:
    "argparse" "^2.0.1"

"keygrip@~1.1.0":
  "integrity" "sha1-hxsWgdXhWcYqRFsMdLYV4JF+ciY="
  "resolved" "https://registry.npmmirror.com/keygrip/download/keygrip-1.1.0.tgz"
  "version" "1.1.0"
  dependencies:
    "tsscmp" "1.0.6"

"koa-compose@^4.1.0":
  "integrity" "sha1-UHMGuTcZAdtBEhyBLpI9DWfT6Hc="
  "resolved" "https://registry.nlark.com/koa-compose/download/koa-compose-4.1.0.tgz"
  "version" "4.1.0"

"koa-convert@^2.0.0":
  "integrity" "sha1-hqDETYHUBVG64i/uZwmQRXPupPU="
  "resolved" "https://registry.npm.taobao.org/koa-convert/download/koa-convert-2.0.0.tgz"
  "version" "2.0.0"
  dependencies:
    "co" "^4.6.0"
    "koa-compose" "^4.1.0"

"koa-router@^10.1.1":
  "integrity" "sha1-IICfgmSFGLhHJs1EUDeBPNmfF/8="
  "resolved" "https://registry.nlark.com/koa-router/download/koa-router-10.1.1.tgz"
  "version" "10.1.1"
  dependencies:
    "debug" "^4.1.1"
    "http-errors" "^1.7.3"
    "koa-compose" "^4.1.0"
    "methods" "^1.1.2"
    "path-to-regexp" "^6.1.0"

"koa@^2.13.3":
  "integrity" "sha1-piZBunU+xUvuLG2hpPKUxfrDVAc="
  "resolved" "https://registry.npmmirror.com/koa/download/koa-2.13.3.tgz?cache=0&sync_timestamp=1632468583613&other_urls=https%3A%2F%2Fregistry.npmmirror.com%2Fkoa%2Fdownload%2Fkoa-2.13.3.tgz"
  "version" "2.13.3"
  dependencies:
    "accepts" "^1.3.5"
    "cache-content-type" "^1.0.0"
    "content-disposition" "~0.5.2"
    "content-type" "^1.0.4"
    "cookies" "~0.8.0"
    "debug" "^4.3.2"
    "delegates" "^1.0.0"
    "depd" "^2.0.0"
    "destroy" "^1.0.4"
    "encodeurl" "^1.0.2"
    "escape-html" "^1.0.3"
    "fresh" "~0.5.2"
    "http-assert" "^1.3.0"
    "http-errors" "^1.6.3"
    "is-generator-function" "^1.0.7"
    "koa-compose" "^4.1.0"
    "koa-convert" "^2.0.0"
    "on-finished" "^2.3.0"
    "only" "~0.0.2"
    "parseurl" "^1.3.2"
    "statuses" "^1.5.0"
    "type-is" "^1.6.16"
    "vary" "^1.1.2"

"make-error@^1.1.1":
  "integrity" "sha1-LrLjfqm2fEiR9oShOUeZr0hM96I= sha512-s8UhlNe7vPKomQhC1qFelMokr/Sc3AgNbso3n74mVPA5LTZwkB9NlXf4XPamLxJE8h0gh73rM94xvwRT2CVInw=="
  "resolved" "https://registry.nlark.com/make-error/download/make-error-1.3.6.tgz"
  "version" "1.3.6"

"media-typer@0.3.0":
  "integrity" "sha1-hxDXrwqmJvj/+hzgAWhUUmMlV0g="
  "resolved" "https://registry.nlark.com/media-typer/download/media-typer-0.3.0.tgz"
  "version" "0.3.0"

"methods@^1.1.2":
  "integrity" "sha1-VSmk1nZUE07cxSZmVoNbD4Ua/O4="
  "resolved" "https://registry.nlark.com/methods/download/methods-1.1.2.tgz"
  "version" "1.1.2"

"mime-db@1.50.0":
  "integrity" "sha1-q9SslOmNPA4YUBbGerRdX95AwR8="
  "resolved" "https://registry.nlark.com/mime-db/download/mime-db-1.50.0.tgz?cache=0&sync_timestamp=1631863109039&other_urls=https%3A%2F%2Fregistry.nlark.com%2Fmime-db%2Fdownload%2Fmime-db-1.50.0.tgz"
  "version" "1.50.0"

"mime-types@^2.1.18", "mime-types@~2.1.24":
  "integrity" "sha1-H6EqkERy+v0GjkjZ6EAfdNP3Dts="
  "resolved" "https://registry.npmmirror.com/mime-types/download/mime-types-2.1.33.tgz?cache=0&sync_timestamp=1633108207787&other_urls=https%3A%2F%2Fregistry.npmmirror.com%2Fmime-types%2Fdownload%2Fmime-types-2.1.33.tgz"
  "version" "2.1.33"
  dependencies:
    "mime-db" "1.50.0"

"ms@2.1.2":
  "integrity" "sha1-0J0fNXtEP0kzgqjrPM0YOHKuYAk="
  "resolved" "https://registry.npmmirror.com/ms/download/ms-2.1.2.tgz"
  "version" "2.1.2"

"negotiator@0.6.2":
  "integrity" "sha1-/qz3zPUlp3rpY0Q2pkiD/+yjRvs="
  "resolved" "https://registry.nlark.com/negotiator/download/negotiator-0.6.2.tgz"
  "version" "0.6.2"

"on-finished@^2.3.0":
  "integrity" "sha1-IPEzZIGwg811M3mSoWlxqi2QaUc="
  "resolved" "https://registry.nlark.com/on-finished/download/on-finished-2.3.0.tgz"
  "version" "2.3.0"
  dependencies:
    "ee-first" "1.1.1"

"only@~0.0.2":
  "integrity" "sha1-Kv3oTQPlC5qO3EROMGEKcCle37Q="
  "resolved" "https://registry.npm.taobao.org/only/download/only-0.0.2.tgz"
  "version" "0.0.2"

"parseurl@^1.3.2":
  "integrity" "sha1-naGee+6NEt/wUT7Vt2lXeTvC6NQ="
  "resolved" "https://registry.npm.taobao.org/parseurl/download/parseurl-1.3.3.tgz?cache=0&sync_timestamp=1615984376007&other_urls=https%3A%2F%2Fregistry.npm.taobao.org%2Fparseurl%2Fdownload%2Fparseurl-1.3.3.tgz"
  "version" "1.3.3"

"path-to-regexp@^6.1.0":
  "integrity" "sha1-97OAMzYQTDRoia3s5hRmkjBkXzg="
  "resolved" "https://registry.npm.taobao.org/path-to-regexp/download/path-to-regexp-6.2.0.tgz"
  "version" "6.2.0"

"safe-buffer@5.1.2":
  "integrity" "sha1-mR7GnSluAxN0fVm9/St0XDX4go0="
  "resolved" "https://registry.nlark.com/safe-buffer/download/safe-buffer-5.1.2.tgz?cache=0&sync_timestamp=1618847044058&other_urls=https%3A%2F%2Fregistry.nlark.com%2Fsafe-buffer%2Fdownload%2Fsafe-buffer-5.1.2.tgz"
  "version" "5.1.2"

"setprototypeof@1.2.0":
  "integrity" "sha1-ZsmiSnP5/CjL5msJ/tPTPcrxtCQ="
  "resolved" "https://registry.npm.taobao.org/setprototypeof/download/setprototypeof-1.2.0.tgz"
  "version" "1.2.0"

"statuses@^1.5.0", "statuses@>= 1.5.0 < 2":
  "integrity" "sha1-Fhx9rBd2Wf2YEfQ3cfqZOBR4Yow="
  "resolved" "https://registry.npm.taobao.org/statuses/download/statuses-1.5.0.tgz"
  "version" "1.5.0"

"toidentifier@1.0.0":
  "integrity" "sha1-fhvjRw8ed5SLxD2Uo8j013UrpVM="
  "resolved" "https://registry.npm.taobao.org/toidentifier/download/toidentifier-1.0.0.tgz"
  "version" "1.0.0"

"toml@^3.0.0":
  "integrity" "sha1-NCFg8a8ZBOydIE0DpdYSItdixe4= sha512-y/mWCZinnvxjTKYhJ+pYxwD0mRLVvOtdS2Awbgxln6iEnt4rk0yBxeSBHkGJcPucRiG0e55mwWp+g/05rsrd6w=="
  "resolved" "https://registry.npm.taobao.org/toml/download/toml-3.0.0.tgz"
  "version" "3.0.0"

"ts-node@^10.2.1":
  "integrity" "sha1-TMk76gp6uiF5SX5luwjd/BmLOrU= sha512-hCnyOyuGmD5wHleOQX6NIjJtYVIO8bPP8F2acWkB4W06wdlkgyvJtubO/I9NkI88hCFECbsEgoLc0VNkYmcSfw=="
  "resolved" "https://registry.nlark.com/ts-node/download/ts-node-10.2.1.tgz?cache=0&sync_timestamp=1629307547797&other_urls=https%3A%2F%2Fregistry.nlark.com%2Fts-node%2Fdownload%2Fts-node-10.2.1.tgz"
  "version" "10.2.1"
  dependencies:
    "@cspotcode/source-map-support" "0.6.1"
    "@tsconfig/node10" "^1.0.7"
    "@tsconfig/node12" "^1.0.7"
    "@tsconfig/node14" "^1.0.0"
    "@tsconfig/node16" "^1.0.2"
    "acorn" "^8.4.1"
    "acorn-walk" "^8.1.1"
    "arg" "^4.1.0"
    "create-require" "^1.1.0"
    "diff" "^4.0.1"
    "make-error" "^1.1.1"
    "yn" "3.1.1"

"tsscmp@1.0.6":
  "integrity" "sha1-hbmVg6w1iexL/vgltQAKqRHWBes="
  "resolved" "https://registry.nlark.com/tsscmp/download/tsscmp-1.0.6.tgz"
  "version" "1.0.6"

"type-is@^1.6.16":
  "integrity" "sha1-TlUs0F3wlGfcvE73Od6J8s83wTE="
  "resolved" "https://registry.nlark.com/type-is/download/type-is-1.6.18.tgz"
  "version" "1.6.18"
  dependencies:
    "media-typer" "0.3.0"
    "mime-types" "~2.1.24"

"typescript@^4.4.3", "typescript@>=2.7":
  "integrity" "sha1-vcVAfKorEJ79T4L+EwZW+XeikyQ="
  "resolved" "https://registry.npmmirror.com/typescript/download/typescript-4.4.3.tgz?cache=0&sync_timestamp=1633677571135&other_urls=https%3A%2F%2Fregistry.npmmirror.com%2Ftypescript%2Fdownload%2Ftypescript-4.4.3.tgz"
  "version" "4.4.3"

"vary@^1.1.2":
  "integrity" "sha1-IpnwLG3tMNSllhsLn3RSShj2NPw="
  "resolved" "https://registry.nlark.com/vary/download/vary-1.1.2.tgz"
  "version" "1.1.2"

"ylru@^1.2.0":
  "integrity" "sha1-9Xa2M0FUeYnB3nuiiHYJI7J/6E8="
  "resolved" "https://registry.nlark.com/ylru/download/ylru-1.2.1.tgz"
  "version" "1.2.1"

"yn@3.1.1":
  "integrity" "sha1-HodAGgnXZ8HV6rJqbkwYUYLS61A= sha512-Ux4ygGWsu2c7isFWe8Yu1YluJmqVhxqK2cLXNQA5AcC3QfbGNpM7fu0Y8b/z16pXLnFxZYvWhd3fhBY9DLmC6Q=="
  "resolved" "https://registry.nlark.com/yn/download/yn-3.1.1.tgz"
  "version" "3.1.1"
